
Microsoft Visual Studio Solution File, Format Version 12.00
# Visual Studio Version 16
VisualStudioVersion = 16.0.31410.357
MinimumVisualStudioVersion = 10.0.40219.1
Project("{FAE04EC0-301F-11D3-BF4B-00C04F79EFBC}") = "Q8.6.2", "Q8.6.2\Q8.6.2.csproj", "{02622BE3-A75E-4A27-BF93-37B1147FE42B}"
EndProject
Global
	GlobalSection(SolutionConfigurationPlatforms) = preSolution
		Debug|Any CPU = Debug|Any CPU
		Release|Any CPU = Release|Any CPU
	EndGlobalSection
	GlobalSection(ProjectConfigurationPlatforms) = postSolution
		{02622BE3-A75E-4A27-BF93-37B1147FE42B}.Debug|Any CPU.ActiveCfg = Debug|Any CPU
		{02622BE3-A75E-4A27-BF93-37B1147FE42B}.Debug|Any CPU.Build.0 = Debug|Any CPU
		{02622BE3-A75E-4A27-BF93-37B1147FE42B}.Release|Any CPU.ActiveCfg = Release|Any CPU
		{02622BE3-A75E-4A27-BF93-37B1147FE42B}.Release|Any CPU.Build.0 = Release|Any CPU
	EndGlobalSection
	GlobalSection(SolutionProperties) = preSolution
		HideSolutionNode = FALSE
	EndGlobalSection
	GlobalSection(ExtensibilityGlobals) = postSolution
		SolutionGuid = {C1E975E4-CEB1-46D2-9E6E-2EFBFEF088EF}
	EndGlobalSection
EndGlobal
